Microsoft Visual Studio Solution File, Format Version 12.00
# Visual Studio Version 17
VisualStudioVersion = 17.5.2.0
MinimumVisualStudioVersion = 10.0.40219.1
Project("{FAE04EC0-301F-11D3-BF4B-00C04F79EFBC}") = "ddt-site-v02", "ddt-site-v02.csproj", "{A53C3E08-0E18-01DF-8174-A1973A57F94C}"
EndProject
Global
	GlobalSection(SolutionConfigurationPlatforms) = preSolution
		Debug|Any CPU = Debug|Any CPU
		Release|Any CPU = Release|Any CPU
	EndGlobalSection
	GlobalSection(ProjectConfigurationPlatforms) = postSolution
		{A53C3E08-0E18-01DF-8174-A1973A57F94C}.Debug|Any CPU.ActiveCfg = Debug|Any CPU
		{A53C3E08-0E18-01DF-8174-A1973A57F94C}.Debug|Any CPU.Build.0 = Debug|Any CPU
		{A53C3E08-0E18-01DF-8174-A1973A57F94C}.Release|Any CPU.ActiveCfg = Release|Any CPU
		{A53C3E08-0E18-01DF-8174-A1973A57F94C}.Release|Any CPU.Build.0 = Release|Any CPU
	EndGlobalSection
	GlobalSection(SolutionProperties) = preSolution
		HideSolutionNode = FALSE
	EndGlobalSection
	GlobalSection(ExtensibilityGlobals) = postSolution
		SolutionGuid = {B85FDB1B-78B6-465E-AE3B-858A181214CE}
	EndGlobalSection
EndGlobal
